Microsoft Visual Studio Solution File, Format Version 12.00
# Visual Studio Version 17
VisualStudioVersion = 17.0.32901.226
MinimumVisualStudioVersion = 10.0.40219.1
Project("{FAE04EC0-301F-11D3-BF4B-00C04F79EFBC}") = "Eshop.IocConfig", "Eshop.IocConfig\Eshop.IocConfig.csproj", "{4422B21C-5715-410D-B890-9E833FA57633}"
EndProject
Project("{FAE04EC0-301F-11D3-BF4B-00C04F79EFBC}") = "Eshop.Resource", "Eshop.Resource\Eshop.Resource.csproj", "{736A69A0-F889-4EA7-AA67-93ACD4DB095D}"
EndProject
Project("{FAE04EC0-301F-11D3-BF4B-00C04F79EFBC}") = "Eshop.Infrastructure", "Eshop.Infrastructure\Eshop.Infrastructure.csproj", "{C4C9C8B3-9E1B-3230-2A79-86E08377DB5C}"
EndProject
Project("{FAE04EC0-301F-11D3-BF4B-00C04F79EFBC}") = "Eshop.Presentation", "EShop.Presentation\Eshop.Presentation.csproj", "{8122FA00-017D-5BF5-518A-294DE6F21888}"
EndProject
Project("{FAE04EC0-301F-11D3-BF4B-00C04F79EFBC}") = "Eshop.Share", "EShop.Share\Eshop.Share.csproj", "{D6E33762-6092-EDDA-0F93-CFA9BCBE93FE}"
EndProject
Project("{FAE04EC0-301F-11D3-BF4B-00C04F79EFBC}") = "Eshop.Application", "Eshop.Application\Eshop.Application.csproj", "{799EEC95-0EBC-4DC7-9251-A2A2AE7BFF0C}"
EndProject
Project("{FAE04EC0-301F-11D3-BF4B-00C04F79EFBC}") = "Eshop.Domain", "Eshop.Domain\Eshop.Domain.csproj", "{90305A40-30DA-ED02-A383-AE9EBB87D536}"
EndProject
Global
	GlobalSection(SolutionConfigurationPlatforms) = preSolution
		Debug|Any CPU = Debug|Any CPU
		Release|Any CPU = Release|Any CPU
	EndGlobalSection
	GlobalSection(ProjectConfigurationPlatforms) = postSolution
		{4422B21C-5715-410D-B890-9E833FA57633}.Debug|Any CPU.ActiveCfg = Debug|Any CPU
		{4422B21C-5715-410D-B890-9E833FA57633}.Debug|Any CPU.Build.0 = Debug|Any CPU
		{4422B21C-5715-410D-B890-9E833FA57633}.Release|Any CPU.ActiveCfg = Release|Any CPU
		{4422B21C-5715-410D-B890-9E833FA57633}.Release|Any CPU.Build.0 = Release|Any CPU
		{736A69A0-F889-4EA7-AA67-93ACD4DB095D}.Debug|Any CPU.ActiveCfg = Debug|Any CPU
		{736A69A0-F889-4EA7-AA67-93ACD4DB095D}.Debug|Any CPU.Build.0 = Debug|Any CPU
		{736A69A0-F889-4EA7-AA67-93ACD4DB095D}.Release|Any CPU.ActiveCfg = Release|Any CPU
		{736A69A0-F889-4EA7-AA67-93ACD4DB095D}.Release|Any CPU.Build.0 = Release|Any CPU
		{C4C9C8B3-9E1B-3230-2A79-86E08377DB5C}.Debug|Any CPU.ActiveCfg = Debug|Any CPU
		{C4C9C8B3-9E1B-3230-2A79-86E08377DB5C}.Debug|Any CPU.Build.0 = Debug|Any CPU
		{C4C9C8B3-9E1B-3230-2A79-86E08377DB5C}.Release|Any CPU.ActiveCfg = Release|Any CPU
		{C4C9C8B3-9E1B-3230-2A79-86E08377DB5C}.Release|Any CPU.Build.0 = Release|Any CPU
		{8122FA00-017D-5BF5-518A-294DE6F21888}.Debug|Any CPU.ActiveCfg = Debug|Any CPU
		{8122FA00-017D-5BF5-518A-294DE6F21888}.Debug|Any CPU.Build.0 = Debug|Any CPU
		{8122FA00-017D-5BF5-518A-294DE6F21888}.Release|Any CPU.ActiveCfg = Release|Any CPU
		{8122FA00-017D-5BF5-518A-294DE6F21888}.Release|Any CPU.Build.0 = Release|Any CPU
		{D6E33762-6092-EDDA-0F93-CFA9BCBE93FE}.Debug|Any CPU.ActiveCfg = Debug|Any CPU
		{D6E33762-6092-EDDA-0F93-CFA9BCBE93FE}.Debug|Any CPU.Build.0 = Debug|Any CPU
		{D6E33762-6092-EDDA-0F93-CFA9BCBE93FE}.Release|Any CPU.ActiveCfg = Release|Any CPU
		{D6E33762-6092-EDDA-0F93-CFA9BCBE93FE}.Release|Any CPU.Build.0 = Release|Any CPU
		{799EEC95-0EBC-4DC7-9251-A2A2AE7BFF0C}.Debug|Any CPU.ActiveCfg = Debug|Any CPU
		{799EEC95-0EBC-4DC7-9251-A2A2AE7BFF0C}.Debug|Any CPU.Build.0 = Debug|Any CPU
		{799EEC95-0EBC-4DC7-9251-A2A2AE7BFF0C}.Release|Any CPU.ActiveCfg = Release|Any CPU
		{799EEC95-0EBC-4DC7-9251-A2A2AE7BFF0C}.Release|Any CPU.Build.0 = Release|Any CPU
		{90305A40-30DA-ED02-A383-AE9EBB87D536}.Debug|Any CPU.ActiveCfg = Debug|Any CPU
		{90305A40-30DA-ED02-A383-AE9EBB87D536}.Debug|Any CPU.Build.0 = Debug|Any CPU
		{90305A40-30DA-ED02-A383-AE9EBB87D536}.Release|Any CPU.ActiveCfg = Release|Any CPU
		{90305A40-30DA-ED02-A383-AE9EBB87D536}.Release|Any CPU.Build.0 = Release|Any CPU
	EndGlobalSection
	GlobalSection(SolutionProperties) = preSolution
		HideSolutionNode = FALSE
	EndGlobalSection
	GlobalSection(ExtensibilityGlobals) = postSolution
		SolutionGuid = {E7F92736-D12C-42F3-9C3B-1D7A23A18C4F}
	EndGlobalSection
EndGlobal
