Microsoft Visual Studio Solution File, Format Version 12.00
# Visual Studio Version 17
VisualStudioVersion = 17.0.32901.226
MinimumVisualStudioVersion = 10.0.40219.1
Project("{FAE04EC0-301F-11D3-BF4B-00C04F79EFBC}") = "Eshop.API", "EShop.API\Eshop.API.csproj", "{45D106BC-6F8E-4EA1-913B-7D7D389924FD}"
EndProject
Project("{FAE04EC0-301F-11D3-BF4B-00C04F79EFBC}") = "Eshop.Common", "EShop.Common\Eshop.Common.csproj", "{8818DA9D-D6F0-4761-B6CD-630CA06FDB69}"
EndProject
Project("{FAE04EC0-301F-11D3-BF4B-00C04F79EFBC}") = "Eshop.DTO", "Eshop.DTO\Eshop.DTO.csproj", "{59A27A4F-825B-4664-8198-294494868F3A}"
EndProject
Project("{FAE04EC0-301F-11D3-BF4B-00C04F79EFBC}") = "Eshop.IocConfig", "Eshop.IocConfig\Eshop.IocConfig.csproj", "{4422B21C-5715-410D-B890-9E833FA57633}"
EndProject
Project("{FAE04EC0-301F-11D3-BF4B-00C04F79EFBC}") = "Eshop.Repository", "Eshop.Repository\Eshop.Repository.csproj", "{77E20988-B8CA-4F27-B68A-EEA1D6B908B3}"
EndProject
Project("{FAE04EC0-301F-11D3-BF4B-00C04F79EFBC}") = "Eshop.Service", "Eshop.Service\Eshop.Service.csproj", "{53A260A1-F759-4F26-85C1-6A3C60B7AB2D}"
EndProject
Project("{FAE04EC0-301F-11D3-BF4B-00C04F79EFBC}") = "Eshop.Resource", "Eshop.Resource\Eshop.Resource.csproj", "{736A69A0-F889-4EA7-AA67-93ACD4DB095D}"
EndProject
Project("{FAE04EC0-301F-11D3-BF4B-00C04F79EFBC}") = "Eshop.Data", "Eshop.Data\Eshop.Data.csproj", "{E2A5B71B-8222-4F35-81DA-C01924E6A05E}"
EndProject
Project("{FAE04EC0-301F-11D3-BF4B-00C04F79EFBC}") = "Eshop.Entity", "Eshop.Entity\Eshop.Entity.csproj", "{966ED2F1-1ED5-4D5B-A24B-BCA6D4D71CDC}"
EndProject
Project("{FAE04EC0-301F-11D3-BF4B-00C04F79EFBC}") = "Eshop.Mapper", "Eshop.Mapper\Eshop.Mapper.csproj", "{34170BEB-AA0D-4DA9-B005-AF411EF0B605}"
EndProject
Project("{FAE04EC0-301F-11D3-BF4B-00C04F79EFBC}") = "Eshop.Enum", "Eshop.Enum\Eshop.Enum.csproj", "{F2ECB039-A7B0-4636-AEAA-894FEDCFFB74}"
EndProject
Global
	GlobalSection(SolutionConfigurationPlatforms) = preSolution
		Debug|Any CPU = Debug|Any CPU
		Release|Any CPU = Release|Any CPU
	EndGlobalSection
	GlobalSection(ProjectConfigurationPlatforms) = postSolution
		{45D106BC-6F8E-4EA1-913B-7D7D389924FD}.Debug|Any CPU.ActiveCfg = Debug|Any CPU
		{45D106BC-6F8E-4EA1-913B-7D7D389924FD}.Debug|Any CPU.Build.0 = Debug|Any CPU
		{45D106BC-6F8E-4EA1-913B-7D7D389924FD}.Release|Any CPU.ActiveCfg = Release|Any CPU
		{45D106BC-6F8E-4EA1-913B-7D7D389924FD}.Release|Any CPU.Build.0 = Release|Any CPU
		{8818DA9D-D6F0-4761-B6CD-630CA06FDB69}.Debug|Any CPU.ActiveCfg = Debug|Any CPU
		{8818DA9D-D6F0-4761-B6CD-630CA06FDB69}.Debug|Any CPU.Build.0 = Debug|Any CPU
		{8818DA9D-D6F0-4761-B6CD-630CA06FDB69}.Release|Any CPU.ActiveCfg = Release|Any CPU
		{8818DA9D-D6F0-4761-B6CD-630CA06FDB69}.Release|Any CPU.Build.0 = Release|Any CPU
		{59A27A4F-825B-4664-8198-294494868F3A}.Debug|Any CPU.ActiveCfg = Debug|Any CPU
		{59A27A4F-825B-4664-8198-294494868F3A}.Debug|Any CPU.Build.0 = Debug|Any CPU
		{59A27A4F-825B-4664-8198-294494868F3A}.Release|Any CPU.ActiveCfg = Release|Any CPU
		{59A27A4F-825B-4664-8198-294494868F3A}.Release|Any CPU.Build.0 = Release|Any CPU
		{4422B21C-5715-410D-B890-9E833FA57633}.Debug|Any CPU.ActiveCfg = Debug|Any CPU
		{4422B21C-5715-410D-B890-9E833FA57633}.Debug|Any CPU.Build.0 = Debug|Any CPU
		{4422B21C-5715-410D-B890-9E833FA57633}.Release|Any CPU.ActiveCfg = Release|Any CPU
		{4422B21C-5715-410D-B890-9E833FA57633}.Release|Any CPU.Build.0 = Release|Any CPU
		{77E20988-B8CA-4F27-B68A-EEA1D6B908B3}.Debug|Any CPU.ActiveCfg = Debug|Any CPU
		{77E20988-B8CA-4F27-B68A-EEA1D6B908B3}.Debug|Any CPU.Build.0 = Debug|Any CPU
		{77E20988-B8CA-4F27-B68A-EEA1D6B908B3}.Release|Any CPU.ActiveCfg = Release|Any CPU
		{77E20988-B8CA-4F27-B68A-EEA1D6B908B3}.Release|Any CPU.Build.0 = Release|Any CPU
		{53A260A1-F759-4F26-85C1-6A3C60B7AB2D}.Debug|Any CPU.ActiveCfg = Debug|Any CPU
		{53A260A1-F759-4F26-85C1-6A3C60B7AB2D}.Debug|Any CPU.Build.0 = Debug|Any CPU
		{53A260A1-F759-4F26-85C1-6A3C60B7AB2D}.Release|Any CPU.ActiveCfg = Release|Any CPU
		{53A260A1-F759-4F26-85C1-6A3C60B7AB2D}.Release|Any CPU.Build.0 = Release|Any CPU
		{736A69A0-F889-4EA7-AA67-93ACD4DB095D}.Debug|Any CPU.ActiveCfg = Debug|Any CPU
		{736A69A0-F889-4EA7-AA67-93ACD4DB095D}.Debug|Any CPU.Build.0 = Debug|Any CPU
		{736A69A0-F889-4EA7-AA67-93ACD4DB095D}.Release|Any CPU.ActiveCfg = Release|Any CPU
		{736A69A0-F889-4EA7-AA67-93ACD4DB095D}.Release|Any CPU.Build.0 = Release|Any CPU
		{E2A5B71B-8222-4F35-81DA-C01924E6A05E}.Debug|Any CPU.ActiveCfg = Debug|Any CPU
		{E2A5B71B-8222-4F35-81DA-C01924E6A05E}.Debug|Any CPU.Build.0 = Debug|Any CPU
		{E2A5B71B-8222-4F35-81DA-C01924E6A05E}.Release|Any CPU.ActiveCfg = Release|Any CPU
		{E2A5B71B-8222-4F35-81DA-C01924E6A05E}.Release|Any CPU.Build.0 = Release|Any CPU
		{966ED2F1-1ED5-4D5B-A24B-BCA6D4D71CDC}.Debug|Any CPU.ActiveCfg = Debug|Any CPU
		{966ED2F1-1ED5-4D5B-A24B-BCA6D4D71CDC}.Debug|Any CPU.Build.0 = Debug|Any CPU
		{966ED2F1-1ED5-4D5B-A24B-BCA6D4D71CDC}.Release|Any CPU.ActiveCfg = Release|Any CPU
		{966ED2F1-1ED5-4D5B-A24B-BCA6D4D71CDC}.Release|Any CPU.Build.0 = Release|Any CPU
		{34170BEB-AA0D-4DA9-B005-AF411EF0B605}.Debug|Any CPU.ActiveCfg = Debug|Any CPU
		{34170BEB-AA0D-4DA9-B005-AF411EF0B605}.Debug|Any CPU.Build.0 = Debug|Any CPU
		{34170BEB-AA0D-4DA9-B005-AF411EF0B605}.Release|Any CPU.ActiveCfg = Release|Any CPU
		{34170BEB-AA0D-4DA9-B005-AF411EF0B605}.Release|Any CPU.Build.0 = Release|Any CPU
		{F2ECB039-A7B0-4636-AEAA-894FEDCFFB74}.Debug|Any CPU.ActiveCfg = Debug|Any CPU
		{F2ECB039-A7B0-4636-AEAA-894FEDCFFB74}.Debug|Any CPU.Build.0 = Debug|Any CPU
		{F2ECB039-A7B0-4636-AEAA-894FEDCFFB74}.Release|Any CPU.ActiveCfg = Release|Any CPU
		{F2ECB039-A7B0-4636-AEAA-894FEDCFFB74}.Release|Any CPU.Build.0 = Release|Any CPU
	EndGlobalSection
	GlobalSection(SolutionProperties) = preSolution
		HideSolutionNode = FALSE
	EndGlobalSection
	GlobalSection(ExtensibilityGlobals) = postSolution
		SolutionGuid = {E7F92736-D12C-42F3-9C3B-1D7A23A18C4F}
	EndGlobalSection
EndGlobal
